
Microsoft Visual Studio Solution File, Format Version 12.00
# Visual Studio Version 17
VisualStudioVersion = 17.7.34024.191
MinimumVisualStudioVersion = 10.0.40219.1
Project("{9A19103F-16F7-4668-BE54-9A1E7A4F7556}") = "ArraySorting", "src\ArraySorting\ArraySorting.csproj", "{0C07DB1D-82FD-4D22-81A7-3C7477DF5744}"
EndProject
Project("{9A19103F-16F7-4668-BE54-9A1E7A4F7556}") = "DetactRepeatingElements", "src\DetactRepeatingElements\DetactRepeatingElements.csproj", "{56779A01-AD8E-4D0D-96CC-C840B258CC7E}"
EndProject
Project("{9A19103F-16F7-4668-BE54-9A1E7A4F7556}") = "Factorial", "src\Factorial\Factorial.csproj", "{923E8369-8347-48A9-A52E-926692FBE9FC}"
EndProject
Project("{9A19103F-16F7-4668-BE54-9A1E7A4F7556}") = "Fibonacci", "src\Fibonacci\Fibonacci.csproj", "{72F92611-ED77-43BF-A373-C35901BD0F15}"
EndProject
Project("{9A19103F-16F7-4668-BE54-9A1E7A4F7556}") = "FindMaximumAndMinimum", "src\FindMaximumAndMinimum\FindMaximumAndMinimum.csproj", "{98E0E15C-4C1F-4949-999E-D6EA7AE84CDC}"
EndProject
Project("{9A19103F-16F7-4668-BE54-9A1E7A4F7556}") = "Palindrome", "src\Palindrome\Palindrome.csproj", "{D818676F-516C-426B-B0DF-71E7369FE58D}"
EndProject
Project("{9A19103F-16F7-4668-BE54-9A1E7A4F7556}") = "QueueImplementation", "src\QueueImplementation\QueueImplementation.csproj", "{FCBFBAF5-61B3-4B1B-B619-19D788F04CD1}"
EndProject
Project("{9A19103F-16F7-4668-BE54-9A1E7A4F7556}") = "StackImplementation", "src\StackImplementation\StackImplementation.csproj", "{C2C8F6B3-A01D-478E-A30C-C06EEBA1E6F1}"
EndProject
Project("{FAE04EC0-301F-11D3-BF4B-00C04F79EFBC}") = "BinarySearchAlgorithm", "src\BinarySearchAlgorithm\BinarySearchAlgorithm.csproj", "{6785F4AE-B7EE-48A4-8F81-F7B39A2D3B5A}"
EndProject
Project("{9A19103F-16F7-4668-BE54-9A1E7A4F7556}") = "ArrayReversing", "src\ArrayReversing\ArrayReversing.csproj", "{C6CC9768-A52E-4E61-BFD8-E739CE039FA2}"
EndProject
Project("{FAE04EC0-301F-11D3-BF4B-00C04F79EFBC}") = "PrimeNumber", "src\PrimeNumber\PrimeNumber.csproj", "{FA972CCC-A41E-4B52-ACFA-3DBC3769BEB8}"
EndProject
Global
	GlobalSection(SolutionConfigurationPlatforms) = preSolution
		Debug|Any CPU = Debug|Any CPU
		Release|Any CPU = Release|Any CPU
	EndGlobalSection
	GlobalSection(ProjectConfigurationPlatforms) = postSolution
		{0C07DB1D-82FD-4D22-81A7-3C7477DF5744}.Debug|Any CPU.ActiveCfg = Debug|Any CPU
		{0C07DB1D-82FD-4D22-81A7-3C7477DF5744}.Debug|Any CPU.Build.0 = Debug|Any CPU
		{0C07DB1D-82FD-4D22-81A7-3C7477DF5744}.Release|Any CPU.ActiveCfg = Release|Any CPU
		{0C07DB1D-82FD-4D22-81A7-3C7477DF5744}.Release|Any CPU.Build.0 = Release|Any CPU
		{56779A01-AD8E-4D0D-96CC-C840B258CC7E}.Debug|Any CPU.ActiveCfg = Debug|Any CPU
		{56779A01-AD8E-4D0D-96CC-C840B258CC7E}.Debug|Any CPU.Build.0 = Debug|Any CPU
		{56779A01-AD8E-4D0D-96CC-C840B258CC7E}.Release|Any CPU.ActiveCfg = Release|Any CPU
		{56779A01-AD8E-4D0D-96CC-C840B258CC7E}.Release|Any CPU.Build.0 = Release|Any CPU
		{923E8369-8347-48A9-A52E-926692FBE9FC}.Debug|Any CPU.ActiveCfg = Debug|Any CPU
		{923E8369-8347-48A9-A52E-926692FBE9FC}.Debug|Any CPU.Build.0 = Debug|Any CPU
		{923E8369-8347-48A9-A52E-926692FBE9FC}.Release|Any CPU.ActiveCfg = Release|Any CPU
		{923E8369-8347-48A9-A52E-926692FBE9FC}.Release|Any CPU.Build.0 = Release|Any CPU
		{72F92611-ED77-43BF-A373-C35901BD0F15}.Debug|Any CPU.ActiveCfg = Debug|Any CPU
		{72F92611-ED77-43BF-A373-C35901BD0F15}.Debug|Any CPU.Build.0 = Debug|Any CPU
		{72F92611-ED77-43BF-A373-C35901BD0F15}.Release|Any CPU.ActiveCfg = Release|Any CPU
		{72F92611-ED77-43BF-A373-C35901BD0F15}.Release|Any CPU.Build.0 = Release|Any CPU
		{98E0E15C-4C1F-4949-999E-D6EA7AE84CDC}.Debug|Any CPU.ActiveCfg = Debug|Any CPU
		{98E0E15C-4C1F-4949-999E-D6EA7AE84CDC}.Debug|Any CPU.Build.0 = Debug|Any CPU
		{98E0E15C-4C1F-4949-999E-D6EA7AE84CDC}.Release|Any CPU.ActiveCfg = Release|Any CPU
		{98E0E15C-4C1F-4949-999E-D6EA7AE84CDC}.Release|Any CPU.Build.0 = Release|Any CPU
		{D818676F-516C-426B-B0DF-71E7369FE58D}.Debug|Any CPU.ActiveCfg = Debug|Any CPU
		{D818676F-516C-426B-B0DF-71E7369FE58D}.Debug|Any CPU.Build.0 = Debug|Any CPU
		{D818676F-516C-426B-B0DF-71E7369FE58D}.Release|Any CPU.ActiveCfg = Release|Any CPU
		{D818676F-516C-426B-B0DF-71E7369FE58D}.Release|Any CPU.Build.0 = Release|Any CPU
		{FCBFBAF5-61B3-4B1B-B619-19D788F04CD1}.Debug|Any CPU.ActiveCfg = Debug|Any CPU
		{FCBFBAF5-61B3-4B1B-B619-19D788F04CD1}.Debug|Any CPU.Build.0 = Debug|Any CPU
		{FCBFBAF5-61B3-4B1B-B619-19D788F04CD1}.Release|Any CPU.ActiveCfg = Release|Any CPU
		{FCBFBAF5-61B3-4B1B-B619-19D788F04CD1}.Release|Any CPU.Build.0 = Release|Any CPU
		{C2C8F6B3-A01D-478E-A30C-C06EEBA1E6F1}.Debug|Any CPU.ActiveCfg = Debug|Any CPU
		{C2C8F6B3-A01D-478E-A30C-C06EEBA1E6F1}.Debug|Any CPU.Build.0 = Debug|Any CPU
		{C2C8F6B3-A01D-478E-A30C-C06EEBA1E6F1}.Release|Any CPU.ActiveCfg = Release|Any CPU
		{C2C8F6B3-A01D-478E-A30C-C06EEBA1E6F1}.Release|Any CPU.Build.0 = Release|Any CPU
		{6785F4AE-B7EE-48A4-8F81-F7B39A2D3B5A}.Debug|Any CPU.ActiveCfg = Debug|Any CPU
		{6785F4AE-B7EE-48A4-8F81-F7B39A2D3B5A}.Debug|Any CPU.Build.0 = Debug|Any CPU
		{6785F4AE-B7EE-48A4-8F81-F7B39A2D3B5A}.Release|Any CPU.ActiveCfg = Release|Any CPU
		{6785F4AE-B7EE-48A4-8F81-F7B39A2D3B5A}.Release|Any CPU.Build.0 = Release|Any CPU
		{C6CC9768-A52E-4E61-BFD8-E739CE039FA2}.Debug|Any CPU.ActiveCfg = Debug|Any CPU
		{C6CC9768-A52E-4E61-BFD8-E739CE039FA2}.Debug|Any CPU.Build.0 = Debug|Any CPU
		{C6CC9768-A52E-4E61-BFD8-E739CE039FA2}.Release|Any CPU.ActiveCfg = Release|Any CPU
		{C6CC9768-A52E-4E61-BFD8-E739CE039FA2}.Release|Any CPU.Build.0 = Release|Any CPU
		{FA972CCC-A41E-4B52-ACFA-3DBC3769BEB8}.Debug|Any CPU.ActiveCfg = Debug|Any CPU
		{FA972CCC-A41E-4B52-ACFA-3DBC3769BEB8}.Debug|Any CPU.Build.0 = Debug|Any CPU
		{FA972CCC-A41E-4B52-ACFA-3DBC3769BEB8}.Release|Any CPU.ActiveCfg = Release|Any CPU
		{FA972CCC-A41E-4B52-ACFA-3DBC3769BEB8}.Release|Any CPU.Build.0 = Release|Any CPU
	EndGlobalSection
	GlobalSection(SolutionProperties) = preSolution
		HideSolutionNode = FALSE
	EndGlobalSection
	GlobalSection(ExtensibilityGlobals) = postSolution
		SolutionGuid = {C3CC35AA-8B44-425E-A039-243EEEFFDF51}
	EndGlobalSection
EndGlobal
